
Microsoft Visual Studio Solution File, Format Version 12.00
# Visual Studio Version 16
VisualStudioVersion = 16.0.31729.503
MinimumVisualStudioVersion = 10.0.40219.1
Project("{9A19103F-16F7-4668-BE54-9A1E7A4F7556}") = "WebServices.API", "WebServices.API\WebServices.API.csproj", "{821ECAE8-460C-46A5-87E2-664D377E3AE9}"
EndProject
Project("{9A19103F-16F7-4668-BE54-9A1E7A4F7556}") = "WebServices.Application", "WebServices.Application\WebServices.Application.csproj", "{C4E77151-0599-4518-929B-F8FD0B2FC064}"
EndProject
Project("{9A19103F-16F7-4668-BE54-9A1E7A4F7556}") = "WebServices.Entities", "WebServices.Entities\WebServices.Entities.csproj", "{85A9A188-3478-4CF1-B38E-1276C35CDD50}"
EndProject
Project("{9A19103F-16F7-4668-BE54-9A1E7A4F7556}") = "WebServices.DataAccess", "WebServices.DataAccess\WebServices.DataAccess.csproj", "{130A6BC7-62B8-414A-9E3F-8502DB89146C}"
EndProject
Project("{9A19103F-16F7-4668-BE54-9A1E7A4F7556}") = "WebServices.Repository", "WebServices.Repository\WebServices.Repository.csproj", "{841C4C49-2D81-4C8D-BDE7-2EB46F7061EB}"
EndProject
Project("{9A19103F-16F7-4668-BE54-9A1E7A4F7556}") = "WebServices.Abstractions", "WebServices.Abstractions\WebServices.Abstractions.csproj", "{9BAAEF56-BEA3-41A4-AD20-CC9B7F40B8D4}"
EndProject
Project("{2150E333-8FDC-42A3-9474-1A3956D46DE8}") = "1 - Layers", "1 - Layers", "{F215F1D9-21AC-41A2-A649-6EB2A417EEEB}"
EndProject
Project("{2150E333-8FDC-42A3-9474-1A3956D46DE8}") = "1.1 - Presentation", "1.1 - Presentation", "{11635061-2516-4EFD-B72E-00F155D2E0D8}"
EndProject
Project("{2150E333-8FDC-42A3-9474-1A3956D46DE8}") = "1.2 - Distributed Services", "1.2 - Distributed Services", "{4B387CFD-7635-404E-BDA4-512CB456F3FD}"
EndProject
Project("{2150E333-8FDC-42A3-9474-1A3956D46DE8}") = "1.3 - Application", "1.3 - Application", "{718008BA-9748-4BE0-8FBE-69EFB4C40CEE}"
EndProject
Project("{2150E333-8FDC-42A3-9474-1A3956D46DE8}") = "1.4 - Domain", "1.4 - Domain", "{E6DB88C1-50B3-4A9A-B816-44EF711DA6CD}"
EndProject
Project("{2150E333-8FDC-42A3-9474-1A3956D46DE8}") = "1.4.1 - Core", "1.4.1 - Core", "{9CB5977A-8C99-4F58-929F-10D424C8FD07}"
EndProject
Project("{2150E333-8FDC-42A3-9474-1A3956D46DE8}") = "1.4.2 - MainModule", "1.4.2 - MainModule", "{20F093F5-8869-419B-BF81-DB681B169683}"
EndProject
Project("{2150E333-8FDC-42A3-9474-1A3956D46DE8}") = "1.5 - Infrastructure", "1.5 - Infrastructure", "{8AD17A3D-6933-4F19-9CFB-84628D8EEACE}"
EndProject
Project("{2150E333-8FDC-42A3-9474-1A3956D46DE8}") = "1.5.1 - Data", "1.5.1 - Data", "{3FC0F682-FB8F-4BD5-918C-F4805245E270}"
EndProject
Project("{2150E333-8FDC-42A3-9474-1A3956D46DE8}") = "1.5.2 - Cross Cutting", "1.5.2 - Cross Cutting", "{A2A1AA85-C76D-45F4-B045-0EFF01D3308F}"
EndProject
Global
	GlobalSection(SolutionConfigurationPlatforms) = preSolution
		Debug|Any CPU = Debug|Any CPU
		Release|Any CPU = Release|Any CPU
	EndGlobalSection
	GlobalSection(ProjectConfigurationPlatforms) = postSolution
		{821ECAE8-460C-46A5-87E2-664D377E3AE9}.Debug|Any CPU.ActiveCfg = Debug|Any CPU
		{821ECAE8-460C-46A5-87E2-664D377E3AE9}.Debug|Any CPU.Build.0 = Debug|Any CPU
		{821ECAE8-460C-46A5-87E2-664D377E3AE9}.Release|Any CPU.ActiveCfg = Release|Any CPU
		{821ECAE8-460C-46A5-87E2-664D377E3AE9}.Release|Any CPU.Build.0 = Release|Any CPU
		{C4E77151-0599-4518-929B-F8FD0B2FC064}.Debug|Any CPU.ActiveCfg = Debug|Any CPU
		{C4E77151-0599-4518-929B-F8FD0B2FC064}.Debug|Any CPU.Build.0 = Debug|Any CPU
		{C4E77151-0599-4518-929B-F8FD0B2FC064}.Release|Any CPU.ActiveCfg = Release|Any CPU
		{C4E77151-0599-4518-929B-F8FD0B2FC064}.Release|Any CPU.Build.0 = Release|Any CPU
		{85A9A188-3478-4CF1-B38E-1276C35CDD50}.Debug|Any CPU.ActiveCfg = Debug|Any CPU
		{85A9A188-3478-4CF1-B38E-1276C35CDD50}.Debug|Any CPU.Build.0 = Debug|Any CPU
		{85A9A188-3478-4CF1-B38E-1276C35CDD50}.Release|Any CPU.ActiveCfg = Release|Any CPU
		{85A9A188-3478-4CF1-B38E-1276C35CDD50}.Release|Any CPU.Build.0 = Release|Any CPU
		{130A6BC7-62B8-414A-9E3F-8502DB89146C}.Debug|Any CPU.ActiveCfg = Debug|Any CPU
		{130A6BC7-62B8-414A-9E3F-8502DB89146C}.Debug|Any CPU.Build.0 = Debug|Any CPU
		{130A6BC7-62B8-414A-9E3F-8502DB89146C}.Release|Any CPU.ActiveCfg = Release|Any CPU
		{130A6BC7-62B8-414A-9E3F-8502DB89146C}.Release|Any CPU.Build.0 = Release|Any CPU
		{841C4C49-2D81-4C8D-BDE7-2EB46F7061EB}.Debug|Any CPU.ActiveCfg = Debug|Any CPU
		{841C4C49-2D81-4C8D-BDE7-2EB46F7061EB}.Debug|Any CPU.Build.0 = Debug|Any CPU
		{841C4C49-2D81-4C8D-BDE7-2EB46F7061EB}.Release|Any CPU.ActiveCfg = Release|Any CPU
		{841C4C49-2D81-4C8D-BDE7-2EB46F7061EB}.Release|Any CPU.Build.0 = Release|Any CPU
		{9BAAEF56-BEA3-41A4-AD20-CC9B7F40B8D4}.Debug|Any CPU.ActiveCfg = Debug|Any CPU
		{9BAAEF56-BEA3-41A4-AD20-CC9B7F40B8D4}.Debug|Any CPU.Build.0 = Debug|Any CPU
		{9BAAEF56-BEA3-41A4-AD20-CC9B7F40B8D4}.Release|Any CPU.ActiveCfg = Release|Any CPU
		{9BAAEF56-BEA3-41A4-AD20-CC9B7F40B8D4}.Release|Any CPU.Build.0 = Release|Any CPU
	EndGlobalSection
	GlobalSection(SolutionProperties) = preSolution
		HideSolutionNode = FALSE
	EndGlobalSection
	GlobalSection(NestedProjects) = preSolution
		{821ECAE8-460C-46A5-87E2-664D377E3AE9} = {4B387CFD-7635-404E-BDA4-512CB456F3FD}
		{C4E77151-0599-4518-929B-F8FD0B2FC064} = {718008BA-9748-4BE0-8FBE-69EFB4C40CEE}
		{85A9A188-3478-4CF1-B38E-1276C35CDD50} = {20F093F5-8869-419B-BF81-DB681B169683}
		{130A6BC7-62B8-414A-9E3F-8502DB89146C} = {8AD17A3D-6933-4F19-9CFB-84628D8EEACE}
		{841C4C49-2D81-4C8D-BDE7-2EB46F7061EB} = {3FC0F682-FB8F-4BD5-918C-F4805245E270}
		{9BAAEF56-BEA3-41A4-AD20-CC9B7F40B8D4} = {A2A1AA85-C76D-45F4-B045-0EFF01D3308F}
		{11635061-2516-4EFD-B72E-00F155D2E0D8} = {F215F1D9-21AC-41A2-A649-6EB2A417EEEB}
		{4B387CFD-7635-404E-BDA4-512CB456F3FD} = {F215F1D9-21AC-41A2-A649-6EB2A417EEEB}
		{718008BA-9748-4BE0-8FBE-69EFB4C40CEE} = {F215F1D9-21AC-41A2-A649-6EB2A417EEEB}
		{E6DB88C1-50B3-4A9A-B816-44EF711DA6CD} = {F215F1D9-21AC-41A2-A649-6EB2A417EEEB}
		{9CB5977A-8C99-4F58-929F-10D424C8FD07} = {E6DB88C1-50B3-4A9A-B816-44EF711DA6CD}
		{20F093F5-8869-419B-BF81-DB681B169683} = {E6DB88C1-50B3-4A9A-B816-44EF711DA6CD}
		{8AD17A3D-6933-4F19-9CFB-84628D8EEACE} = {F215F1D9-21AC-41A2-A649-6EB2A417EEEB}
		{3FC0F682-FB8F-4BD5-918C-F4805245E270} = {8AD17A3D-6933-4F19-9CFB-84628D8EEACE}
		{A2A1AA85-C76D-45F4-B045-0EFF01D3308F} = {8AD17A3D-6933-4F19-9CFB-84628D8EEACE}
	EndGlobalSection
	GlobalSection(ExtensibilityGlobals) = postSolution
		SolutionGuid = {BF75F08B-C19E-4C92-A916-AEEEF855C7DB}
	EndGlobalSection
EndGlobal
